// !$*UTF8*$!
{
	archiveVersion = 1;
	classes = {
	};
	objectVersion = 45;
	objects = {

/* Begin PBXBuildFile section */
		1D3623260D0F684500981E51 /* GinkoTempoAppDelegate.m in Sources */ = {isa = PBXBuildFile; fileRef = 1D3623250D0F684500981E51 /* GinkoTempoAppDelegate.m */; };
		1D60589B0D05DD56006BFB54 /* main.m in Sources */ = {isa = PBXBuildFile; fileRef = 29B97316FDCFA39411CA2CEA /* main.m */; };
		1D60589F0D05DD5A006BFB54 /* Foundation.framework in Frameworks */ = {isa = PBXBuildFile; fileRef = 1D30AB110D05D00D00671497 /* Foundation.framework */; };
		1DF5F4E00D08C38300B7A737 /* UIKit.framework in Frameworks */ = {isa = PBXBuildFile; fileRef = 1DF5F4DF0D08C38300B7A737 /* UIKit.framework */; };
		288765FD0DF74451002DB57D /* CoreGraphics.framework in Frameworks */ = {isa = PBXBuildFile; fileRef = 288765FC0DF74451002DB57D /* CoreGraphics.framework */; };
		28AD733F0D9D9553002E5188 /* MainWindow.xib in Resources */ = {isa = PBXBuildFile; fileRef = 28AD733E0D9D9553002E5188 /* MainWindow.xib */; };
		333B5EA81150FC7800204E57 /* TempsAttentesTileView.m in Sources */ = {isa = PBXBuildFile; fileRef = 333B5EA71150FC7800204E57 /* TempsAttentesTileView.m */; };
		333B60C611511DF300204E57 /* CoreLocation.framework in Frameworks */ = {isa = PBXBuildFile; fileRef = 333B60C511511DF300204E57 /* CoreLocation.framework */; };
		333B60F81151251E00204E57 /* ListeGeolocalise.m in Sources */ = {isa = PBXBuildFile; fileRef = 333B60F71151251E00204E57 /* ListeGeolocalise.m */; };
		333B61221151274000204E57 /* GeolocalisationTableViewController.m in Sources */ = {isa = PBXBuildFile; fileRef = 333B61211151274000204E57 /* GeolocalisationTableViewController.m */; };
		333C130611350A5200647B5C /* ListeDesLignes.m in Sources */ = {isa = PBXBuildFile; fileRef = 333C130511350A5200647B5C /* ListeDesLignes.m */; };
		333C132211350B9100647B5C /* Ligne.m in Sources */ = {isa = PBXBuildFile; fileRef = 333C132111350B9100647B5C /* Ligne.m */; };
		333C134511350E7600647B5C /* LignesController.m in Sources */ = {isa = PBXBuildFile; fileRef = 333C134411350E7600647B5C /* LignesController.m */; };
		333C13AE1135189E00647B5C /* LignesTableViewController.m in Sources */ = {isa = PBXBuildFile; fileRef = 333C13AD1135189E00647B5C /* LignesTableViewController.m */; };
		333C1493113558DE00647B5C /* LigneTableViewCell.m in Sources */ = {isa = PBXBuildFile; fileRef = 333C1492113558DE00647B5C /* LigneTableViewCell.m */; };
		333C14961135590000647B5C /* LigneTileView.m in Sources */ = {isa = PBXBuildFile; fileRef = 333C14951135590000647B5C /* LigneTileView.m */; };
		3350343F11523CCA00D33A57 /* StationsGeolocaliseController.m in Sources */ = {isa = PBXBuildFile; fileRef = 3350343E11523CCA00D33A57 /* StationsGeolocaliseController.m */; };
		33592CF21149260E007B7C12 /* TempsAttentes.m in Sources */ = {isa = PBXBuildFile; fileRef = 33592CF11149260E007B7C12 /* TempsAttentes.m */; };
		33592CF911492C0F007B7C12 /* Message.m in Sources */ = {isa = PBXBuildFile; fileRef = 33592CF811492C0F007B7C12 /* Message.m */; };
		33592D481149376A007B7C12 /* TempsAttentesLignesParStation.m in Sources */ = {isa = PBXBuildFile; fileRef = 33592D471149376A007B7C12 /* TempsAttentesLignesParStation.m */; };
		33592D6111493B6F007B7C12 /* TempsAttentesController.m in Sources */ = {isa = PBXBuildFile; fileRef = 33592D6011493B6F007B7C12 /* TempsAttentesController.m */; };
		33592D9E1149410B007B7C12 /* TempsAttentesLignesParStationViewController.m in Sources */ = {isa = PBXBuildFile; fileRef = 33592D9D1149410B007B7C12 /* TempsAttentesLignesParStationViewController.m */; };
		335B41E6114B9C1600C08E4E /* TempsAttentesTableViewCell.m in Sources */ = {isa = PBXBuildFile; fileRef = 335B41E5114B9C1600C08E4E /* TempsAttentesTableViewCell.m */; };
		336781AF1124A8A900E9571F /* ListeDesStations.m in Sources */ = {isa = PBXBuildFile; fileRef = 336781AE1124A8A900E9571F /* ListeDesStations.m */; };
		336781BF1124BAA300E9571F /* Station.m in Sources */ = {isa = PBXBuildFile; fileRef = 336781BE1124BAA300E9571F /* Station.m */; };
		336781D71124C1EE00E9571F /* StationsTableViewController.m in Sources */ = {isa = PBXBuildFile; fileRef = 336781D61124C1EE00E9571F /* StationsTableViewController.m */; };
		33855DBF11453DA1005127B8 /* InfoTraficTableViewController.m in Sources */ = {isa = PBXBuildFile; fileRef = 33855DBB11453DA1005127B8 /* InfoTraficTableViewController.m */; };
		33855DC011453DA1005127B8 /* ListeDesInfoTrafic.m in Sources */ = {isa = PBXBuildFile; fileRef = 33855DBD11453DA1005127B8 /* ListeDesInfoTrafic.m */; };
		3388234F11407A7D001B72E0 /* ListeDesStationsPourUneLigne.m in Sources */ = {isa = PBXBuildFile; fileRef = 3388234E11407A7D001B72E0 /* ListeDesStationsPourUneLigne.m */; };
		338823EF114111CA001B72E0 /* StationParLigneTableViewController.m in Sources */ = {isa = PBXBuildFile; fileRef = 338823EE114111CA001B72E0 /* StationParLigneTableViewController.m */; };
		3388253E114126C3001B72E0 /* StationsParLigneController.m in Sources */ = {isa = PBXBuildFile; fileRef = 3388253D114126C3001B72E0 /* StationsParLigneController.m */; };
		338DDEC911249BDA00FB0316 /* Borne.png in Resources */ = {isa = PBXBuildFile; fileRef = 338DDEC411249BDA00FB0316 /* Borne.png */; };
		338DDECA11249BDA00FB0316 /* Carte.png in Resources */ = {isa = PBXBuildFile; fileRef = 338DDEC511249BDA00FB0316 /* Carte.png */; };
		338DDECB11249BDA00FB0316 /* Ginko.png in Resources */ = {isa = PBXBuildFile; fileRef = 338DDEC611249BDA00FB0316 /* Ginko.png */; };
		338DDECC11249BDA00FB0316 /* Station.png in Resources */ = {isa = PBXBuildFile; fileRef = 338DDEC711249BDA00FB0316 /* Station.png */; };
		338DDECF11249C5800FB0316 /* icones.png in Resources */ = {isa = PBXBuildFile; fileRef = 338DDECE11249C5800FB0316 /* icones.png */; };
		33D20C0B114A526300523EEA /* Default.png in Resources */ = {isa = PBXBuildFile; fileRef = 33D20C0A114A526300523EEA /* Default.png */; };
		33D54E381131903700C04524 /* StationTableViewCell.m in Sources */ = {isa = PBXBuildFile; fileRef = 33D54E371131903700C04524 /* StationTableViewCell.m */; };
		33D54E4E113199AD00C04524 /* StationsController.m in Sources */ = {isa = PBXBuildFile; fileRef = 33D54E4D113199AD00C04524 /* StationsController.m */; };
		33EFB465113FF69000803577 /* InfoTrafic.m in Sources */ = {isa = PBXBuildFile; fileRef = 33EFB462113FF69000803577 /* InfoTrafic.m */; };
		33EFB466113FF69000803577 /* InfoTraficController.m in Sources */ = {isa = PBXBuildFile; fileRef = 33EFB464113FF69000803577 /* InfoTraficController.m */; };
		C272A600114956F900A8F842 /* DetailsInfosTraficViewController.m in Sources */ = {isa = PBXBuildFile; fileRef = C272A5FF114956F900A8F842 /* DetailsInfosTraficViewController.m */; };
		C28170F111358412006A7C4B /* stdsoap2.cpp in Sources */ = {isa = PBXBuildFile; fileRef = C28170EA11358412006A7C4B /* stdsoap2.cpp */; };
		C28170F211358412006A7C4B /* soapC.cpp in Sources */ = {isa = PBXBuildFile; fileRef = C28170EC11358412006A7C4B /* soapC.cpp */; };
		C28170F311358412006A7C4B /* soapClient.cpp in Sources */ = {isa = PBXBuildFile; fileRef = C28170ED11358412006A7C4B /* soapClient.cpp */; };
		C28170F411358412006A7C4B /* TempoAPISoapBinding.nsmap in Resources */ = {isa = PBXBuildFile; fileRef = C28170F011358412006A7C4B /* TempoAPISoapBinding.nsmap */; };
		C28170FA11358482006A7C4B /* WebserviceUtils.mm in Sources */ = {isa = PBXBuildFile; fileRef = C28170F911358482006A7C4B /* WebserviceUtils.mm */; };
/* End PBXBuildFile section */

/* Begin PBXFileReference section */
		1D30AB110D05D00D00671497 /* Foundation.framework */ = {isa = PBXFileReference; lastKnownFileType = wrapper.framework; name = Foundation.framework; path = System/Library/Frameworks/Foundation.framework; sourceTree = SDKROOT; };
		1D3623240D0F684500981E51 /* GinkoTempoAppDelegate.h */ = {isa = PBXFileReference; fileEncoding = 4; lastKnownFileType = sourcecode.c.h; name = GinkoTempoAppDelegate.h; path = Classes/GinkoTempoAppDelegate.h; sourceTree = "<group>"; };
		1D3623250D0F684500981E51 /* GinkoTempoAppDelegate.m */ = {isa = PBXFileReference; fileEncoding = 4; lastKnownFileType = sourcecode.c.objc; name = GinkoTempoAppDelegate.m; path = Classes/GinkoTempoAppDelegate.m; sourceTree = "<group>"; };
		1D6058910D05DD3D006BFB54 /* GinkoTempo.app */ = {isa = PBXFileReference; explicitFileType = wrapper.application; includeInIndex = 0; path = GinkoTempo.app; sourceTree = BUILT_PRODUCTS_DIR; };
		1DF5F4DF0D08C38300B7A737 /* UIKit.framework */ = {isa = PBXFileReference; lastKnownFileType = wrapper.framework; name = UIKit.framework; path = System/Library/Frameworks/UIKit.framework; sourceTree = SDKROOT; };
		288765FC0DF74451002DB57D /* CoreGraphics.framework */ = {isa = PBXFileReference; lastKnownFileType = wrapper.framework; name = CoreGraphics.framework; path = System/Library/Frameworks/CoreGraphics.framework; sourceTree = SDKROOT; };
		28AD733E0D9D9553002E5188 /* MainWindow.xib */ = {isa = PBXFileReference; lastKnownFileType = file.xib; path = MainWindow.xib; sourceTree = "<group>"; };
		29B97316FDCFA39411CA2CEA /* main.m */ = {isa = PBXFileReference; fileEncoding = 4; lastKnownFileType = sourcecode.c.objc; path = main.m; sourceTree = "<group>"; };
		32CA4F630368D1EE00C91783 /* GinkoTempo_Prefix.pch */ = {isa = PBXFileReference; fileEncoding = 4; lastKnownFileType = sourcecode.c.h; path = GinkoTempo_Prefix.pch; sourceTree = "<group>"; };
		333B5EA61150FC7800204E57 /* TempsAttentesTileView.h */ = {isa = PBXFileReference; fileEncoding = 4; lastKnownFileType = sourcecode.c.h; path = TempsAttentesTileView.h; sourceTree = "<group>"; };
		333B5EA71150FC7800204E57 /* TempsAttentesTileView.m */ = {isa = PBXFileReference; fileEncoding = 4; lastKnownFileType = sourcecode.c.objc; path = TempsAttentesTileView.m; sourceTree = "<group>"; };
		333B60C511511DF300204E57 /* CoreLocation.framework */ = {isa = PBXFileReference; lastKnownFileType = wrapper.framework; name = CoreLocation.framework; path = System/Library/Frameworks/CoreLocation.framework; sourceTree = SDKROOT; };
		333B60F61151251E00204E57 /* ListeGeolocalise.h */ = {isa = PBXFileReference; fileEncoding = 4; lastKnownFileType = sourcecode.c.h; path = ListeGeolocalise.h; sourceTree = "<group>"; };
		333B60F71151251E00204E57 /* ListeGeolocalise.m */ = {isa = PBXFileReference; fileEncoding = 4; lastKnownFileType = sourcecode.c.objc; path = ListeGeolocalise.m; sourceTree = "<group>"; };
		333B61201151274000204E57 /* GeolocalisationTableViewController.h */ = {isa = PBXFileReference; fileEncoding = 4; lastKnownFileType = sourcecode.c.h; path = GeolocalisationTableViewController.h; sourceTree = "<group>"; };
		333B61211151274000204E57 /* GeolocalisationTableViewController.m */ = {isa = PBXFileReference; fileEncoding = 4; lastKnownFileType = sourcecode.c.objc; path = GeolocalisationTableViewController.m; sourceTree = "<group>"; };
		333C130411350A5200647B5C /* ListeDesLignes.h */ = {isa = PBXFileReference; fileEncoding = 4; lastKnownFileType = sourcecode.c.h; path = ListeDesLignes.h; sourceTree = "<group>"; };
		333C130511350A5200647B5C /* ListeDesLignes.m */ = {isa = PBXFileReference; fileEncoding = 4; lastKnownFileType = sourcecode.c.objc; path = ListeDesLignes.m; sourceTree = "<group>"; };
		333C132011350B9100647B5C /* Ligne.h */ = {isa = PBXFileReference; fileEncoding = 4; lastKnownFileType = sourcecode.c.h; path = Ligne.h; sourceTree = "<group>"; };
		333C132111350B9100647B5C /* Ligne.m */ = {isa = PBXFileReference; fileEncoding = 4; lastKnownFileType = sourcecode.c.objc; path = Ligne.m; sourceTree = "<group>"; };
		333C134311350E7600647B5C /* LignesController.h */ = {isa = PBXFileReference; fileEncoding = 4; lastKnownFileType = sourcecode.c.h; path = LignesController.h; sourceTree = "<group>"; };
		333C134411350E7600647B5C /* LignesController.m */ = {isa = PBXFileReference; fileEncoding = 4; lastKnownFileType = sourcecode.c.objc; path = LignesController.m; sourceTree = "<group>"; };
		333C13AC1135189E00647B5C /* LignesTableViewController.h */ = {isa = PBXFileReference; fileEncoding = 4; lastKnownFileType = sourcecode.c.h; path = LignesTableViewController.h; sourceTree = "<group>"; };
		333C13AD1135189E00647B5C /* LignesTableViewController.m */ = {isa = PBXFileReference; fileEncoding = 4; lastKnownFileType = sourcecode.c.objc; path = LignesTableViewController.m; sourceTree = "<group>"; };
		333C1491113558DE00647B5C /* LigneTableViewCell.h */ = {isa = PBXFileReference; fileEncoding = 4; lastKnownFileType = sourcecode.c.h; path = LigneTableViewCell.h; sourceTree = "<group>"; };
		333C1492113558DE00647B5C /* LigneTableViewCell.m */ = {isa = PBXFileReference; fileEncoding = 4; lastKnownFileType = sourcecode.c.objc; path = LigneTableViewCell.m; sourceTree = "<group>"; };
		333C14941135590000647B5C /* LigneTileView.h */ = {isa = PBXFileReference; fileEncoding = 4; lastKnownFileType = sourcecode.c.h; path = LigneTileView.h; sourceTree = "<group>"; };
		333C14951135590000647B5C /* LigneTileView.m */ = {isa = PBXFileReference; fileEncoding = 4; lastKnownFileType = sourcecode.c.objc; path = LigneTileView.m; sourceTree = "<group>"; };
		3350343D11523CCA00D33A57 /* StationsGeolocaliseController.h */ = {isa = PBXFileReference; fileEncoding = 4; lastKnownFileType = sourcecode.c.h; path = StationsGeolocaliseController.h; sourceTree = "<group>"; };
		3350343E11523CCA00D33A57 /* StationsGeolocaliseController.m */ = {isa = PBXFileReference; fileEncoding = 4; lastKnownFileType = sourcecode.c.objc; path = StationsGeolocaliseController.m; sourceTree = "<group>"; };
		33592CF01149260E007B7C12 /* TempsAttentes.h */ = {isa = PBXFileReference; fileEncoding = 4; lastKnownFileType = sourcecode.c.h; path = TempsAttentes.h; sourceTree = "<group>"; };
		33592CF11149260E007B7C12 /* TempsAttentes.m */ = {isa = PBXFileReference; fileEncoding = 4; lastKnownFileType = sourcecode.c.objc; path = TempsAttentes.m; sourceTree = "<group>"; };
		33592CF711492C0F007B7C12 /* Message.h */ = {isa = PBXFileReference; fileEncoding = 4; lastKnownFileType = sourcecode.c.h; path = Message.h; sourceTree = "<group>"; };
		33592CF811492C0F007B7C12 /* Message.m */ = {isa = PBXFileReference; fileEncoding = 4; lastKnownFileType = sourcecode.c.objc; path = Message.m; sourceTree = "<group>"; };
		33592D461149376A007B7C12 /* TempsAttentesLignesParStation.h */ = {isa = PBXFileReference; fileEncoding = 4; lastKnownFileType = sourcecode.c.h; path = TempsAttentesLignesParStation.h; sourceTree = "<group>"; };
		33592D471149376A007B7C12 /* TempsAttentesLignesParStation.m */ = {isa = PBXFileReference; fileEncoding = 4; lastKnownFileType = sourcecode.c.objc; path = TempsAttentesLignesParStation.m; sourceTree = "<group>"; };
		33592D5F11493B6F007B7C12 /* TempsAttentesController.h */ = {isa = PBXFileReference; fileEncoding = 4; lastKnownFileType = sourcecode.c.h; path = TempsAttentesController.h; sourceTree = "<group>"; };
		33592D6011493B6F007B7C12 /* TempsAttentesController.m */ = {isa = PBXFileReference; fileEncoding = 4; lastKnownFileType = sourcecode.c.objc; path = TempsAttentesController.m; sourceTree = "<group>"; };
		33592D9C1149410B007B7C12 /* TempsAttentesLignesParStationViewController.h */ = {isa = PBXFileReference; fileEncoding = 4; lastKnownFileType = sourcecode.c.h; path = TempsAttentesLignesParStationViewController.h; sourceTree = "<group>"; };
		33592D9D1149410B007B7C12 /* TempsAttentesLignesParStationViewController.m */ = {isa = PBXFileReference; fileEncoding = 4; lastKnownFileType = sourcecode.c.objc; path = TempsAttentesLignesParStationViewController.m; sourceTree = "<group>"; };
		335B41E4114B9C1600C08E4E /* TempsAttentesTableViewCell.h */ = {isa = PBXFileReference; fileEncoding = 4; lastKnownFileType = sourcecode.c.h; path = TempsAttentesTableViewCell.h; sourceTree = "<group>"; };
		335B41E5114B9C1600C08E4E /* TempsAttentesTableViewCell.m */ = {isa = PBXFileReference; fileEncoding = 4; lastKnownFileType = sourcecode.c.objc; path = TempsAttentesTableViewCell.m; sourceTree = "<group>"; };
		336781AD1124A8A900E9571F /* ListeDesStations.h */ = {isa = PBXFileReference; fileEncoding = 4; lastKnownFileType = sourcecode.c.h; path = ListeDesStations.h; sourceTree = "<group>"; };
		336781AE1124A8A900E9571F /* ListeDesStations.m */ = {isa = PBXFileReference; fileEncoding = 4; lastKnownFileType = sourcecode.c.objc; path = ListeDesStations.m; sourceTree = "<group>"; };
		336781BD1124BAA300E9571F /* Station.h */ = {isa = PBXFileReference; fileEncoding = 4; lastKnownFileType = sourcecode.c.h; path = Station.h; sourceTree = "<group>"; };
		336781BE1124BAA300E9571F /* Station.m */ = {isa = PBXFileReference; fileEncoding = 4; lastKnownFileType = sourcecode.c.objc; path = Station.m; sourceTree = "<group>"; };
		336781C81124BEC500E9571F /* GinkoDataSourceProtocol.h */ = {isa = PBXFileReference; fileEncoding = 4; lastKnownFileType = sourcecode.c.h; path = GinkoDataSourceProtocol.h; sourceTree = "<group>"; };
		336781D51124C1EE00E9571F /* StationsTableViewController.h */ = {isa = PBXFileReference; fileEncoding = 4; lastKnownFileType = sourcecode.c.h; path = StationsTableViewController.h; sourceTree = "<group>"; };
		336781D61124C1EE00E9571F /* StationsTableViewController.m */ = {isa = PBXFileReference; fileEncoding = 4; lastKnownFileType = sourcecode.c.objc; path = StationsTableViewController.m; sourceTree = "<group>"; };
		33855DBA11453DA1005127B8 /* InfoTraficTableViewController.h */ = {isa = PBXFileReference; fileEncoding = 4; lastKnownFileType = sourcecode.c.h; path = InfoTraficTableViewController.h; sourceTree = "<group>"; };
		33855DBB11453DA1005127B8 /* InfoTraficTableViewController.m */ = {isa = PBXFileReference; fileEncoding = 4; lastKnownFileType = sourcecode.c.objc; path = InfoTraficTableViewController.m; sourceTree = "<group>"; };
		33855DBC11453DA1005127B8 /* ListeDesInfoTrafic.h */ = {isa = PBXFileReference; fileEncoding = 4; lastKnownFileType = sourcecode.c.h; path = ListeDesInfoTrafic.h; sourceTree = "<group>"; };
		33855DBD11453DA1005127B8 /* ListeDesInfoTrafic.m */ = {isa = PBXFileReference; fileEncoding = 4; lastKnownFileType = sourcecode.c.objc; path = ListeDesInfoTrafic.m; sourceTree = "<group>"; };
		3388234D11407A7D001B72E0 /* ListeDesStationsPourUneLigne.h */ = {isa = PBXFileReference; fileEncoding = 4; lastKnownFileType = sourcecode.c.h; path = ListeDesStationsPourUneLigne.h; sourceTree = "<group>"; };
		3388234E11407A7D001B72E0 /* ListeDesStationsPourUneLigne.m */ = {isa = PBXFileReference; fileEncoding = 4; lastKnownFileType = sourcecode.c.objc; path = ListeDesStationsPourUneLigne.m; sourceTree = "<group>"; };
		338823ED114111CA001B72E0 /* StationParLigneTableViewController.h */ = {isa = PBXFileReference; fileEncoding = 4; lastKnownFileType = sourcecode.c.h; path = StationParLigneTableViewController.h; sourceTree = "<group>"; };
		338823EE114111CA001B72E0 /* StationParLigneTableViewController.m */ = {isa = PBXFileReference; fileEncoding = 4; lastKnownFileType = sourcecode.c.objc; path = StationParLigneTableViewController.m; sourceTree = "<group>"; };
		3388253C114126C3001B72E0 /* StationsParLigneController.h */ = {isa = PBXFileReference; fileEncoding = 4; lastKnownFileType = sourcecode.c.h; path = StationsParLigneController.h; sourceTree = "<group>"; };
		3388253D114126C3001B72E0 /* StationsParLigneController.m */ = {isa = PBXFileReference; fileEncoding = 4; lastKnownFileType = sourcecode.c.objc; path = StationsParLigneController.m; sourceTree = "<group>"; };
		338DDEC411249BDA00FB0316 /* Borne.png */ = {isa = PBXFileReference; lastKnownFileType = image.png; path = Borne.png; sourceTree = "<group>"; };
		338DDEC511249BDA00FB0316 /* Carte.png */ = {isa = PBXFileReference; lastKnownFileType = image.png; path = Carte.png; sourceTree = "<group>"; };
		338DDEC611249BDA00FB0316 /* Ginko.png */ = {isa = PBXFileReference; lastKnownFileType = image.png; path = Ginko.png; sourceTree = "<group>"; };
		338DDEC711249BDA00FB0316 /* Station.png */ = {isa = PBXFileReference; lastKnownFileType = image.png; path = Station.png; sourceTree = "<group>"; };
		338DDECE11249C5800FB0316 /* icones.png */ = {isa = PBXFileReference; lastKnownFileType = image.png; path = icones.png; sourceTree = "<group>"; };
		33D20C0A114A526300523EEA /* Default.png */ = {isa = PBXFileReference; lastKnownFileType = image.png; path = Default.png; sourceTree = "<group>"; };
		33D54E361131903700C04524 /* StationTableViewCell.h */ = {isa = PBXFileReference; fileEncoding = 4; lastKnownFileType = sourcecode.c.h; path = StationTableViewCell.h; sourceTree = "<group>"; };
		33D54E371131903700C04524 /* StationTableViewCell.m */ = {isa = PBXFileReference; fileEncoding = 4; lastKnownFileType = sourcecode.c.objc; path = StationTableViewCell.m; sourceTree = "<group>"; };
		33D54E4C113199AD00C04524 /* StationsController.h */ = {isa = PBXFileReference; fileEncoding = 4; lastKnownFileType = sourcecode.c.h; path = StationsController.h; sourceTree = "<group>"; };
		33D54E4D113199AD00C04524 /* StationsController.m */ = {isa = PBXFileReference; fileEncoding = 4; lastKnownFileType = sourcecode.c.objc; path = StationsController.m; sourceTree = "<group>"; };
		33EFB461113FF69000803577 /* InfoTrafic.h */ = {isa = PBXFileReference; fileEncoding = 4; lastKnownFileType = sourcecode.c.h; path = InfoTrafic.h; sourceTree = "<group>"; };
		33EFB462113FF69000803577 /* InfoTrafic.m */ = {isa = PBXFileReference; fileEncoding = 4; lastKnownFileType = sourcecode.c.objc; path = InfoTrafic.m; sourceTree = "<group>"; };
		33EFB463113FF69000803577 /* InfoTraficController.h */ = {isa = PBXFileReference; fileEncoding = 4; lastKnownFileType = sourcecode.c.h; path = InfoTraficController.h; sourceTree = "<group>"; };
		33EFB464113FF69000803577 /* InfoTraficController.m */ = {isa = PBXFileReference; fileEncoding = 4; lastKnownFileType = sourcecode.c.objc; path = InfoTraficController.m; sourceTree = "<group>"; };
		8D1107310486CEB800E47090 /* GinkoTempo-Info.plist */ = {isa = PBXFileReference; fileEncoding = 4; lastKnownFileType = text.plist.xml; path = "GinkoTempo-Info.plist"; plistStructureDefinitionIdentifier = "com.apple.xcode.plist.structure-definition.iphone.info-plist"; sourceTree = "<group>"; };
		C272A5FE114956F900A8F842 /* DetailsInfosTraficViewController.h */ = {isa = PBXFileReference; fileEncoding = 4; lastKnownFileType = sourcecode.c.h; path = DetailsInfosTraficViewController.h; sourceTree = "<group>"; };
		C272A5FF114956F900A8F842 /* DetailsInfosTraficViewController.m */ = {isa = PBXFileReference; fileEncoding = 4; lastKnownFileType = sourcecode.c.objc; path = DetailsInfosTraficViewController.m; sourceTree = "<group>"; };
		C28170EA11358412006A7C4B /* stdsoap2.cpp */ = {isa = PBXFileReference; fileEncoding = 4; lastKnownFileType = sourcecode.cpp.cpp; path = stdsoap2.cpp; sourceTree = "<group>"; };
		C28170EB11358412006A7C4B /* stdsoap2.h */ = {isa = PBXFileReference; fileEncoding = 4; lastKnownFileType = sourcecode.c.h; path = stdsoap2.h; sourceTree = "<group>"; };
		C28170EC11358412006A7C4B /* soapC.cpp */ = {isa = PBXFileReference; fileEncoding = 4; lastKnownFileType = sourcecode.cpp.cpp; path = soapC.cpp; sourceTree = "<group>"; };
		C28170ED11358412006A7C4B /* soapClient.cpp */ = {isa = PBXFileReference; fileEncoding = 4; lastKnownFileType = sourcecode.cpp.cpp; path = soapClient.cpp; sourceTree = "<group>"; };
		C28170EE11358412006A7C4B /* soapH.h */ = {isa = PBXFileReference; fileEncoding = 4; lastKnownFileType = sourcecode.c.h; path = soapH.h; sourceTree = "<group>"; };
		C28170EF11358412006A7C4B /* soapStub.h */ = {isa = PBXFileReference; fileEncoding = 4; lastKnownFileType = sourcecode.c.h; path = soapStub.h; sourceTree = "<group>"; };
		C28170F011358412006A7C4B /* TempoAPISoapBinding.nsmap */ = {isa = PBXFileReference; fileEncoding = 4; lastKnownFileType = text; path = TempoAPISoapBinding.nsmap; sourceTree = "<group>"; };
		C28170F811358482006A7C4B /* WebserviceUtils.h */ = {isa = PBXFileReference; fileEncoding = 4; lastKnownFileType = sourcecode.c.h; path = WebserviceUtils.h; sourceTree = "<group>"; };
		C28170F911358482006A7C4B /* WebserviceUtils.mm */ = {isa = PBXFileReference; fileEncoding = 4; lastKnownFileType = sourcecode.cpp.objcpp; path = WebserviceUtils.mm; sourceTree = "<group>"; };
/* End PBXFileReference section */

/* Begin PBXFrameworksBuildPhase section */
		1D60588F0D05DD3D006BFB54 /* Frameworks */ = {
			isa = PBXFrameworksBuildPhase;
			buildActionMask = 2147483647;
			files = (
				1D60589F0D05DD5A006BFB54 /* Foundation.framework in Frameworks */,
				1DF5F4E00D08C38300B7A737 /* UIKit.framework in Frameworks */,
				288765FD0DF74451002DB57D /* CoreGraphics.framework in Frameworks */,
				333B60C611511DF300204E57 /* CoreLocation.framework in Frameworks */,
			);
			runOnlyForDeploymentPostprocessing = 0;
		};
/* End PBXFrameworksBuildPhase section */

/* Begin PBXGroup section */
		080E96DDFE201D6D7F000001 /* Classes */ = {
			isa = PBXGroup;
			children = (
				336781C81124BEC500E9571F /* GinkoDataSourceProtocol.h */,
				3336BEFD115398A200E7B0F3 /* Message */,
				3336BEFC1153987000E7B0F3 /* InfoTrafic */,
				3336BEFA1153981000E7B0F3 /* TempsAttentes */,
				3336BEF61153975700E7B0F3 /* Station */,
				3336BEF9115397C700E7B0F3 /* Ligne */,
				C28170F61135844A006A7C4B /* WebService */,
				336781BC1124BA9500E9571F /* Données */,
			);
			path = Classes;
			sourceTree = "<group>";
		};
		19C28FACFE9D520D11CA2CBB /* Products */ = {
			isa = PBXGroup;
			children = (
				1D6058910D05DD3D006BFB54 /* GinkoTempo.app */,
			);
			name = Products;
			sourceTree = "<group>";
		};
		29B97314FDCFA39411CA2CEA /* CustomTemplate */ = {
			isa = PBXGroup;
			children = (
				080E96DDFE201D6D7F000001 /* Classes */,
				29B97315FDCFA39411CA2CEA /* Other Sources */,
				29B97317FDCFA39411CA2CEA /* Resources */,
				29B97323FDCFA39411CA2CEA /* Frameworks */,
				19C28FACFE9D520D11CA2CBB /* Products */,
			);
			name = CustomTemplate;
			sourceTree = "<group>";
		};
		29B97315FDCFA39411CA2CEA /* Other Sources */ = {
			isa = PBXGroup;
			children = (
				1D3623240D0F684500981E51 /* GinkoTempoAppDelegate.h */,
				1D3623250D0F684500981E51 /* GinkoTempoAppDelegate.m */,
				32CA4F630368D1EE00C91783 /* GinkoTempo_Prefix.pch */,
				29B97316FDCFA39411CA2CEA /* main.m */,
			);
			name = "Other Sources";
			sourceTree = "<group>";
		};
		29B97317FDCFA39411CA2CEA /* Resources */ = {
			isa = PBXGroup;
			children = (
				338DDEB911249BAE00FB0316 /* Images */,
				28AD733E0D9D9553002E5188 /* MainWindow.xib */,
				8D1107310486CEB800E47090 /* GinkoTempo-Info.plist */,
			);
			name = Resources;
			sourceTree = "<group>";
		};
		29B97323FDCFA39411CA2CEA /* Frameworks */ = {
			isa = PBXGroup;
			children = (
				333B60C511511DF300204E57 /* CoreLocation.framework */,
				1DF5F4DF0D08C38300B7A737 /* UIKit.framework */,
				1D30AB110D05D00D00671497 /* Foundation.framework */,
				288765FC0DF74451002DB57D /* CoreGraphics.framework */,
			);
			name = Frameworks;
			sourceTree = "<group>";
		};
		3336BEF61153975700E7B0F3 /* Station */ = {
			isa = PBXGroup;
			children = (
				333B60F61151251E00204E57 /* ListeGeolocalise.h */,
				333B60F71151251E00204E57 /* ListeGeolocalise.m */,
				333B61201151274000204E57 /* GeolocalisationTableViewController.h */,
				333B61211151274000204E57 /* GeolocalisationTableViewController.m */,
				336781BD1124BAA300E9571F /* Station.h */,
				336781BE1124BAA300E9571F /* Station.m */,
				33D54E4C113199AD00C04524 /* StationsController.h */,
				33D54E4D113199AD00C04524 /* StationsController.m */,
				3388253C114126C3001B72E0 /* StationsParLigneController.h */,
				3388253D114126C3001B72E0 /* StationsParLigneController.m */,
				3350343D11523CCA00D33A57 /* StationsGeolocaliseController.h */,
				3350343E11523CCA00D33A57 /* StationsGeolocaliseController.m */,
				336781D51124C1EE00E9571F /* StationsTableViewController.h */,
				336781D61124C1EE00E9571F /* StationsTableViewController.m */,
				33D54E361131903700C04524 /* StationTableViewCell.h */,
				33D54E371131903700C04524 /* StationTableViewCell.m */,
				336781AD1124A8A900E9571F /* ListeDesStations.h */,
				336781AE1124A8A900E9571F /* ListeDesStations.m */,
				338823ED114111CA001B72E0 /* StationParLigneTableViewController.h */,
				338823EE114111CA001B72E0 /* StationParLigneTableViewController.m */,
				3388234D11407A7D001B72E0 /* ListeDesStationsPourUneLigne.h */,
				3388234E11407A7D001B72E0 /* ListeDesStationsPourUneLigne.m */,
			);
			name = Station;
			sourceTree = "<group>";
		};
		3336BEF9115397C700E7B0F3 /* Ligne */ = {
			isa = PBXGroup;
			children = (
				333C132011350B9100647B5C /* Ligne.h */,
				333C132111350B9100647B5C /* Ligne.m */,
				333C134311350E7600647B5C /* LignesController.h */,
				333C134411350E7600647B5C /* LignesController.m */,
				333C13AC1135189E00647B5C /* LignesTableViewController.h */,
				333C13AD1135189E00647B5C /* LignesTableViewController.m */,
				333C1491113558DE00647B5C /* LigneTableViewCell.h */,
				333C1492113558DE00647B5C /* LigneTableViewCell.m */,
				333C14941135590000647B5C /* LigneTileView.h */,
				333C14951135590000647B5C /* LigneTileView.m */,
				333C130411350A5200647B5C /* ListeDesLignes.h */,
				333C130511350A5200647B5C /* ListeDesLignes.m */,
			);
			name = Ligne;
			sourceTree = "<group>";
		};
		3336BEFA1153981000E7B0F3 /* TempsAttentes */ = {
			isa = PBXGroup;
			children = (
				335B41E4114B9C1600C08E4E /* TempsAttentesTableViewCell.h */,
				335B41E5114B9C1600C08E4E /* TempsAttentesTableViewCell.m */,
				333B5EA61150FC7800204E57 /* TempsAttentesTileView.h */,
				333B5EA71150FC7800204E57 /* TempsAttentesTileView.m */,
				33592D9C1149410B007B7C12 /* TempsAttentesLignesParStationViewController.h */,
				33592D9D1149410B007B7C12 /* TempsAttentesLignesParStationViewController.m */,
				33592D461149376A007B7C12 /* TempsAttentesLignesParStation.h */,
				33592D471149376A007B7C12 /* TempsAttentesLignesParStation.m */,
				33592CF01149260E007B7C12 /* TempsAttentes.h */,
				33592CF11149260E007B7C12 /* TempsAttentes.m */,
				33592D5F11493B6F007B7C12 /* TempsAttentesController.h */,
				33592D6011493B6F007B7C12 /* TempsAttentesController.m */,
			);
			name = TempsAttentes;
			sourceTree = "<group>";
		};
		3336BEFC1153987000E7B0F3 /* InfoTrafic */ = {
			isa = PBXGroup;
			children = (
				C272A5FE114956F900A8F842 /* DetailsInfosTraficViewController.h */,
				C272A5FF114956F900A8F842 /* DetailsInfosTraficViewController.m */,
				33EFB461113FF69000803577 /* InfoTrafic.h */,
				33EFB462113FF69000803577 /* InfoTrafic.m */,
				33EFB463113FF69000803577 /* InfoTraficController.h */,
				33EFB464113FF69000803577 /* InfoTraficController.m */,
				33855DBA11453DA1005127B8 /* InfoTraficTableViewController.h */,
				33855DBB11453DA1005127B8 /* InfoTraficTableViewController.m */,
				33855DBC11453DA1005127B8 /* ListeDesInfoTrafic.h */,
				33855DBD11453DA1005127B8 /* ListeDesInfoTrafic.m */,
			);
			name = InfoTrafic;
			sourceTree = "<group>";
		};
		3336BEFD115398A200E7B0F3 /* Message */ = {
			isa = PBXGroup;
			children = (
				33592CF711492C0F007B7C12 /* Message.h */,
				33592CF811492C0F007B7C12 /* Message.m */,
			);
			name = Message;
			sourceTree = "<group>";
		};
		336781BC1124BA9500E9571F /* Données */ = {
			isa = PBXGroup;
			children = (
			);
			name = "Données";
			sourceTree = "<group>";
		};
		338DDEB911249BAE00FB0316 /* Images */ = {
			isa = PBXGroup;
			children = (
				33D20C0A114A526300523EEA /* Default.png */,
				338DDECE11249C5800FB0316 /* icones.png */,
				338DDEBA11249BB900FB0316 /* Tab Bar Images */,
			);
			name = Images;
			sourceTree = "<group>";
		};
		338DDEBA11249BB900FB0316 /* Tab Bar Images */ = {
			isa = PBXGroup;
			children = (
				338DDEC411249BDA00FB0316 /* Borne.png */,
				338DDEC511249BDA00FB0316 /* Carte.png */,
				338DDEC611249BDA00FB0316 /* Ginko.png */,
				338DDEC711249BDA00FB0316 /* Station.png */,
			);
			name = "Tab Bar Images";
			sourceTree = "<group>";
		};
		C28170E911358412006A7C4B /* soap */ = {
			isa = PBXGroup;
			children = (
				C28170EA11358412006A7C4B /* stdsoap2.cpp */,
				C28170EB11358412006A7C4B /* stdsoap2.h */,
				C28170EC11358412006A7C4B /* soapC.cpp */,
				C28170ED11358412006A7C4B /* soapClient.cpp */,
				C28170EE11358412006A7C4B /* soapH.h */,
				C28170EF11358412006A7C4B /* soapStub.h */,
				C28170F011358412006A7C4B /* TempoAPISoapBinding.nsmap */,
			);
			name = soap;
			sourceTree = "<group>";
		};
		C28170F61135844A006A7C4B /* WebService */ = {
			isa = PBXGroup;
			children = (
				C28170E911358412006A7C4B /* soap */,
				C28170F811358482006A7C4B /* WebserviceUtils.h */,
				C28170F911358482006A7C4B /* WebserviceUtils.mm */,
			);
			name = WebService;
			sourceTree = "<group>";
		};
/* End PBXGroup section */

/* Begin PBXNativeTarget section */
		1D6058900D05DD3D006BFB54 /* GinkoTempo */ = {
			isa = PBXNativeTarget;
			buildConfigurationList = 1D6058960D05DD3E006BFB54 /* Build configuration list for PBXNativeTarget "GinkoTempo" */;
			buildPhases = (
				1D60588D0D05DD3D006BFB54 /* Resources */,
				1D60588E0D05DD3D006BFB54 /* Sources */,
				1D60588F0D05DD3D006BFB54 /* Frameworks */,
			);
			buildRules = (
			);
			dependencies = (
			);
			name = GinkoTempo;
			productName = GinkoTempo;
			productReference = 1D6058910D05DD3D006BFB54 /* GinkoTempo.app */;
			productType = "com.apple.product-type.application";
		};
/* End PBXNativeTarget section */

/* Begin PBXProject section */
		29B97313FDCFA39411CA2CEA /* Project object */ = {
			isa = PBXProject;
			buildConfigurationList = C01FCF4E08A954540054247B /* Build configuration list for PBXProject "GinkoTempo" */;
			compatibilityVersion = "Xcode 3.1";
			hasScannedForEncodings = 1;
			mainGroup = 29B97314FDCFA39411CA2CEA /* CustomTemplate */;
			projectDirPath = "";
			projectRoot = "";
			targets = (
				1D6058900D05DD3D006BFB54 /* GinkoTempo */,
			);
		};
/* End PBXProject section */

/* Begin PBXResourcesBuildPhase section */
		1D60588D0D05DD3D006BFB54 /* Resources */ = {
			isa = PBXResourcesBuildPhase;
			buildActionMask = 2147483647;
			files = (
				28AD733F0D9D9553002E5188 /* MainWindow.xib in Resources */,
				338DDEC911249BDA00FB0316 /* Borne.png in Resources */,
				338DDECA11249BDA00FB0316 /* Carte.png in Resources */,
				338DDECB11249BDA00FB0316 /* Ginko.png in Resources */,
				338DDECC11249BDA00FB0316 /* Station.png in Resources */,
				338DDECF11249C5800FB0316 /* icones.png in Resources */,
				C28170F411358412006A7C4B /* TempoAPISoapBinding.nsmap in Resources */,
				33D20C0B114A526300523EEA /* Default.png in Resources */,
			);
			runOnlyForDeploymentPostprocessing = 0;
		};
/* End PBXResourcesBuildPhase section */

/* Begin PBXSourcesBuildPhase section */
		1D60588E0D05DD3D006BFB54 /* Sources */ = {
			isa = PBXSourcesBuildPhase;
			buildActionMask = 2147483647;
			files = (
				1D60589B0D05DD56006BFB54 /* main.m in Sources */,
				1D3623260D0F684500981E51 /* GinkoTempoAppDelegate.m in Sources */,
				336781AF1124A8A900E9571F /* ListeDesStations.m in Sources */,
				336781BF1124BAA300E9571F /* Station.m in Sources */,
				336781D71124C1EE00E9571F /* StationsTableViewController.m in Sources */,
				33D54E381131903700C04524 /* StationTableViewCell.m in Sources */,
				33D54E4E113199AD00C04524 /* StationsController.m in Sources */,
				333C130611350A5200647B5C /* ListeDesLignes.m in Sources */,
				333C132211350B9100647B5C /* Ligne.m in Sources */,
				333C134511350E7600647B5C /* LignesController.m in Sources */,
				333C13AE1135189E00647B5C /* LignesTableViewController.m in Sources */,
				333C1493113558DE00647B5C /* LigneTableViewCell.m in Sources */,
				333C14961135590000647B5C /* LigneTileView.m in Sources */,
				C28170F111358412006A7C4B /* stdsoap2.cpp in Sources */,
				C28170F211358412006A7C4B /* soapC.cpp in Sources */,
				C28170F311358412006A7C4B /* soapClient.cpp in Sources */,
				C28170FA11358482006A7C4B /* WebserviceUtils.mm in Sources */,
				33EFB465113FF69000803577 /* InfoTrafic.m in Sources */,
				33EFB466113FF69000803577 /* InfoTraficController.m in Sources */,
				3388234F11407A7D001B72E0 /* ListeDesStationsPourUneLigne.m in Sources */,
				338823EF114111CA001B72E0 /* StationParLigneTableViewController.m in Sources */,
				3388253E114126C3001B72E0 /* StationsParLigneController.m in Sources */,
				33855DBF11453DA1005127B8 /* InfoTraficTableViewController.m in Sources */,
				33855DC011453DA1005127B8 /* ListeDesInfoTrafic.m in Sources */,
				33592CF21149260E007B7C12 /* TempsAttentes.m in Sources */,
				33592CF911492C0F007B7C12 /* Message.m in Sources */,
				33592D481149376A007B7C12 /* TempsAttentesLignesParStation.m in Sources */,
				33592D6111493B6F007B7C12 /* TempsAttentesController.m in Sources */,
				33592D9E1149410B007B7C12 /* TempsAttentesLignesParStationViewController.m in Sources */,
				C272A600114956F900A8F842 /* DetailsInfosTraficViewController.m in Sources */,
				335B41E6114B9C1600C08E4E /* TempsAttentesTableViewCell.m in Sources */,
				333B5EA81150FC7800204E57 /* TempsAttentesTileView.m in Sources */,
				333B60F81151251E00204E57 /* ListeGeolocalise.m in Sources */,
				333B61221151274000204E57 /* GeolocalisationTableViewController.m in Sources */,
				3350343F11523CCA00D33A57 /* StationsGeolocaliseController.m in Sources */,
			);
			runOnlyForDeploymentPostprocessing = 0;
		};
/* End PBXSourcesBuildPhase section */

/* Begin XCBuildConfiguration section */
		1D6058940D05DD3E006BFB54 /* Debug */ = {
			isa = XCBuildConfiguration;
			buildSettings = {
				ALWAYS_SEARCH_USER_PATHS = NO;
				COPY_PHASE_STRIP = NO;
				GCC_DYNAMIC_NO_PIC = NO;
				GCC_OPTIMIZATION_LEVEL = 0;
				GCC_PRECOMPILE_PREFIX_HEADER = YES;
				GCC_PREFIX_HEADER = GinkoTempo_Prefix.pch;
				INFOPLIST_FILE = "GinkoTempo-Info.plist";
				PRODUCT_NAME = GinkoTempo;
			};
			name = Debug;
		};
		1D6058950D05DD3E006BFB54 /* Release */ = {
			isa = XCBuildConfiguration;
			buildSettings = {
				ALWAYS_SEARCH_USER_PATHS = NO;
				COPY_PHASE_STRIP = YES;
				GCC_PRECOMPILE_PREFIX_HEADER = YES;
				GCC_PREFIX_HEADER = GinkoTempo_Prefix.pch;
				INFOPLIST_FILE = "GinkoTempo-Info.plist";
				PRODUCT_NAME = GinkoTempo;
			};
			name = Release;
		};
		C01FCF4F08A954540054247B /* Debug */ = {
			isa = XCBuildConfiguration;
			buildSettings = {
				ARCHS = "$(ARCHS_STANDARD_32_BIT)";
				"CODE_SIGN_IDENTITY[sdk=iphoneos*]" = "iPhone Developer";
				GCC_C_LANGUAGE_STANDARD = c99;
				GCC_WARN_ABOUT_RETURN_TYPE = YES;
				GCC_WARN_UNUSED_VARIABLE = YES;
				PREBINDING = NO;
				SDKROOT = iphoneos3.1.3;
			};
			name = Debug;
		};
		C01FCF5008A954540054247B /* Release */ = {
			isa = XCBuildConfiguration;
			buildSettings = {
				ARCHS = "$(ARCHS_STANDARD_32_BIT)";
				"CODE_SIGN_IDENTITY[sdk=iphoneos*]" = "iPhone Developer";
				GCC_C_LANGUAGE_STANDARD = c99;
				GCC_WARN_ABOUT_RETURN_TYPE = YES;
				GCC_WARN_UNUSED_VARIABLE = YES;
				PREBINDING = NO;
				SDKROOT = iphoneos3.1.3;
			};
			name = Release;
		};
/* End XCBuildConfiguration section */

/* Begin XCConfigurationList section */
		1D6058960D05DD3E006BFB54 /* Build configuration list for PBXNativeTarget "GinkoTempo" */ = {
			isa = XCConfigurationList;
			buildConfigurations = (
				1D6058940D05DD3E006BFB54 /* Debug */,
				1D6058950D05DD3E006BFB54 /* Release */,
			);
			defaultConfigurationIsVisible = 0;
			defaultConfigurationName = Release;
		};
		C01FCF4E08A954540054247B /* Build configuration list for PBXProject "GinkoTempo" */ = {
			isa = XCConfigurationList;
			buildConfigurations = (
				C01FCF4F08A954540054247B /* Debug */,
				C01FCF5008A954540054247B /* Release */,
			);
			defaultConfigurationIsVisible = 0;
			defaultConfigurationName = Release;
		};
/* End XCConfigurationList section */
	};
	rootObject = 29B97313FDCFA39411CA2CEA /* Project object */;
}
